
Microsoft Visual Studio Solution File, Format Version 12.00
# Visual Studio 2013
VisualStudioVersion = 12.0.31101.0
MinimumVisualStudioVersion = 10.0.40219.1
Project("{8BC9CEB8-8B4A-11D0-8D11-00A0C91BC942}") = "SampleCApplication", "Samples\SampleCApplication\SampleCApplication.vcxproj", "{006C7734-CCBB-43B1-B46F-E81DCE1CB81A}"
EndProject
Project("{8BC9CEB8-8B4A-11D0-8D11-00A0C91BC942}") = "SampleCPPApplication", "Samples\SampleCPPApplication\SampleCPPApplication.vcxproj", "{FF75135B-1373-41CF-A074-47C7007DF8F4}"
EndProject
Project("{8BC9CEB8-8B4A-11D0-8D11-00A0C91BC942}") = "GRIDLinkSDK", "GRIDLinkSDK\GRIDLinkSDK.vcxproj", "{49BC6457-FB79-4AF3-BB64-E64ADD48BE14}"
EndProject
Project("{2150E333-8FDC-42A3-9474-1A3956D46DE8}") = "Samples", "Samples", "{6B6BA8D3-0179-4EAB-8B90-FC64CCC07987}"
EndProject
Project("{8BC9CEB8-8B4A-11D0-8D11-00A0C91BC942}") = "SampleCPPGUIApplication", "Samples\SampleCPPGUIApplication\SampleCPPGUIApplication.vcxproj", "{BF17405F-B129-443F-9A04-893E2E9899BB}"
EndProject
Global
	GlobalSection(SolutionConfigurationPlatforms) = preSolution
		Debug|Win32 = Debug|Win32
		Debug|x64 = Debug|x64
		Release|Win32 = Release|Win32
		Release|x64 = Release|x64
	EndGlobalSection
	GlobalSection(ProjectConfigurationPlatforms) = postSolution
		{006C7734-CCBB-43B1-B46F-E81DCE1CB81A}.Debug|Win32.ActiveCfg = Debug|Win32
		{006C7734-CCBB-43B1-B46F-E81DCE1CB81A}.Debug|Win32.Build.0 = Debug|Win32
		{006C7734-CCBB-43B1-B46F-E81DCE1CB81A}.Debug|x64.ActiveCfg = Debug|x64
		{006C7734-CCBB-43B1-B46F-E81DCE1CB81A}.Debug|x64.Build.0 = Debug|x64
		{006C7734-CCBB-43B1-B46F-E81DCE1CB81A}.Release|Win32.ActiveCfg = Release|Win32
		{006C7734-CCBB-43B1-B46F-E81DCE1CB81A}.Release|Win32.Build.0 = Release|Win32
		{006C7734-CCBB-43B1-B46F-E81DCE1CB81A}.Release|x64.ActiveCfg = Release|x64
		{006C7734-CCBB-43B1-B46F-E81DCE1CB81A}.Release|x64.Build.0 = Release|x64
		{FF75135B-1373-41CF-A074-47C7007DF8F4}.Debug|Win32.ActiveCfg = Debug|Win32
		{FF75135B-1373-41CF-A074-47C7007DF8F4}.Debug|Win32.Build.0 = Debug|Win32
		{FF75135B-1373-41CF-A074-47C7007DF8F4}.Debug|x64.ActiveCfg = Debug|x64
		{FF75135B-1373-41CF-A074-47C7007DF8F4}.Debug|x64.Build.0 = Debug|x64
		{FF75135B-1373-41CF-A074-47C7007DF8F4}.Release|Win32.ActiveCfg = Release|Win32
		{FF75135B-1373-41CF-A074-47C7007DF8F4}.Release|Win32.Build.0 = Release|Win32
		{FF75135B-1373-41CF-A074-47C7007DF8F4}.Release|x64.ActiveCfg = Release|x64
		{FF75135B-1373-41CF-A074-47C7007DF8F4}.Release|x64.Build.0 = Release|x64
		{49BC6457-FB79-4AF3-BB64-E64ADD48BE14}.Debug|Win32.ActiveCfg = Debug|Win32
		{49BC6457-FB79-4AF3-BB64-E64ADD48BE14}.Debug|x64.ActiveCfg = Debug|Win32
		{49BC6457-FB79-4AF3-BB64-E64ADD48BE14}.Release|Win32.ActiveCfg = Release|Win32
		{49BC6457-FB79-4AF3-BB64-E64ADD48BE14}.Release|x64.ActiveCfg = Release|Win32
		{BF17405F-B129-443F-9A04-893E2E9899BB}.Debug|Win32.ActiveCfg = Debug|Win32
		{BF17405F-B129-443F-9A04-893E2E9899BB}.Debug|Win32.Build.0 = Debug|Win32
		{BF17405F-B129-443F-9A04-893E2E9899BB}.Debug|x64.ActiveCfg = Debug|x64
		{BF17405F-B129-443F-9A04-893E2E9899BB}.Debug|x64.Build.0 = Debug|x64
		{BF17405F-B129-443F-9A04-893E2E9899BB}.Release|Win32.ActiveCfg = Release|Win32
		{BF17405F-B129-443F-9A04-893E2E9899BB}.Release|Win32.Build.0 = Release|Win32
		{BF17405F-B129-443F-9A04-893E2E9899BB}.Release|x64.ActiveCfg = Release|x64
		{BF17405F-B129-443F-9A04-893E2E9899BB}.Release|x64.Build.0 = Release|x64
	EndGlobalSection
	GlobalSection(SolutionProperties) = preSolution
		HideSolutionNode = FALSE
	EndGlobalSection
	GlobalSection(NestedProjects) = preSolution
		{006C7734-CCBB-43B1-B46F-E81DCE1CB81A} = {6B6BA8D3-0179-4EAB-8B90-FC64CCC07987}
		{FF75135B-1373-41CF-A074-47C7007DF8F4} = {6B6BA8D3-0179-4EAB-8B90-FC64CCC07987}
		{BF17405F-B129-443F-9A04-893E2E9899BB} = {6B6BA8D3-0179-4EAB-8B90-FC64CCC07987}
	EndGlobalSection
EndGlobal
