<?xml version="1.0" encoding="utf-8"?>
<Project ToolsVersion="4.0" xmlns="http://schemas.microsoft.com/developer/msbuild/2003">
  <ItemGroup>
    <ClCompile Include="stubs\C++ stubs\GRIDApplication.cpp">
      <Filter>stubs\C++ stubs</Filter>
    </ClCompile>
    <ClCompile Include="stubs\C stubs\GRIDApplication.c">
      <Filter>stubs\C stubs</Filter>
    </ClCompile>
  </ItemGroup>
  <ItemGroup>
    <ClInclude Include="include\GRIDLinkSDK_CAPI.h">
      <Filter>include</Filter>
    </ClInclude>
    <ClInclude Include="include\GRIDLinkSDK_CAPI.hpp">
      <Filter>include</Filter>
    </ClInclude>
  </ItemGroup>
  <ItemGroup>
    <None Include="props\GRIDLinkSDK.props">
      <Filter>props</Filter>
    </None>
    <None Include="stubs\NET stubs\GridApplication.cs">
      <Filter>stubs\.NET stubs</Filter>
    </None>
    <None Include="props\GRIDLinkSDKMT.props">
      <Filter>props</Filter>
    </None>
    <None Include="packages.config" />
    <None Include="README.md" />
  </ItemGroup>
  <ItemGroup>
    <Filter Include="include">
      <UniqueIdentifier>{d9c20f4e-17b2-4912-909d-03278ec6596b}</UniqueIdentifier>
    </Filter>
    <Filter Include="props">
      <UniqueIdentifier>{2ee72e47-501e-469c-bf16-fc46cf2452d9}</UniqueIdentifier>
    </Filter>
    <Filter Include="stubs">
      <UniqueIdentifier>{998d098c-b4f0-4840-893c-7086ed5a3cea}</UniqueIdentifier>
    </Filter>
    <Filter Include="stubs\C++ stubs">
      <UniqueIdentifier>{40a2d7fb-d967-4f8d-ab7f-aaa551893f9c}</UniqueIdentifier>
    </Filter>
    <Filter Include="stubs\.NET stubs">
      <UniqueIdentifier>{65c7eb29-cd66-49e0-8f57-5edc32d0c528}</UniqueIdentifier>
    </Filter>
    <Filter Include="stubs\C stubs">
      <UniqueIdentifier>{3f7011b9-e19c-4529-b5b1-0ba72dd04400}</UniqueIdentifier>
    </Filter>
  </ItemGroup>
</Project>